PODS:
  - IQKeyboardManagerSwift (6.5.10)
  - teliver (1.1.9)
  - Toast-Swift (5.0.1)

DEPENDENCIES:
  - IQKeyboardManagerSwift
  - teliver
  - Toast-Swift

SPEC REPOS:
  trunk:
    - IQKeyboardManagerSwift
    - teliver
    - Toast-Swift

SPEC CHECKSUMS:
  IQKeyboardManagerSwift: 52962c76ab33532f15ad9f3ff4e5715eda5335bb
  teliver: eb7ac5ae35698dd826ce28c96bab6025639def1e
  Toast-Swift: 9b6a70f28b3bf0b96c40d46c0c4b9d6639846711

PODFILE CHECKSUM: 7139b4dfb492c540d10cf8341f46e43b0ae58e2d

COCOAPODS: 1.11.3
